{
    "_readme": [
        "This file locks the dependencies of your project to a known state",
        "Read more about it at https://getcomposer.org/doc/01-basic-usage.md#composer-lock-the-lock-file",
        "This file is @generated automatically"
    ],
    "hash": "6d6343d632e12f8b8e99afe6522dcce0",
    "content-hash": "96094ae990422d35fa906cbaabaf4d4d",
    "packages": [
        {
            "name": "gopaywin/api-client",
            "version": "dev-master",
            "source": {
                "type": "git",
                "url": "https://github.com/GoPayWin/api-client-php.git",
                "reference": "1180cf1ab7e6b4c3d3f6895f2152bfe9f74ecdf8"
            },
            "dist": {
                "type": "zip",
                "url": "https://api.github.com/repos/GoPayWin/api-client-php/zipball/1180cf1ab7e6b4c3d3f6895f2152bfe9f74ecdf8",
                "reference": "1180cf1ab7e6b4c3d3f6895f2152bfe9f74ecdf8",
                "shasum": ""
            },
            "require": {
                "php": ">=5.3"
            },
            "type": "library",
            "autoload": {
                "psr-4": {
                    "GoPayWin\\": "lib"
                }
            },
            "notification-url": "https://packagist.org/downloads/",
            "license": [
                "MIT"
            ],
            "authors": [
                {
                    "name": "GoPayWin and contributors",
                    "homepage": "https://github.com/gopaywin/api-client-php/contributors"
                }
            ],
            "description": "GoPayWin API PHP Client Bindings",
            "homepage": "http://www.gopaywin.com/",
            "keywords": [
                "api",
                "creditcard",
                "cryptocurrency",
                "ecommerce",
                "gopaywin",
                "gopaywinpay"
            ],
            "time": "2016-05-23 21:21:51"
        }
    ],
    "packages-dev": [],
    "aliases": [],
    "minimum-stability": "stable",
    "stability-flags": {
        "gopaywin/api-client": 20
    },
    "prefer-stable": false,
    "prefer-lowest": false,
    "platform": {
        "php": ">=5.3"
    },
    "platform-dev": []
}
